
Microsoft Visual Studio Solution File, Format Version 12.00
Project("{FAE04EC0-301F-11D3-BF4B-00C04F79EFBC}") = "XJDD.Api", "XJDD.Api\XJDD.Api.csproj", "{E6583098-61C8-4828-9B64-C632796036CC}"
EndProject
Project("{FAE04EC0-301F-11D3-BF4B-00C04F79EFBC}") = "XJDD.Infrastructure", "XJDD.Infrastructure\XJDD.Infrastructure.csproj", "{5C87B48D-2B1D-434C-B8EB-81C6DDE5BB1D}"
EndProject
Project("{FAE04EC0-301F-11D3-BF4B-00C04F79EFBC}") = "XJDD.Model", "XJDD.Model\XJDD.Model.csproj", "{1F4C08D3-EC83-4167-B8DB-20A4DE2CB3E6}"
EndProject
Project("{FAE04EC0-301F-11D3-BF4B-00C04F79EFBC}") = "XJDD.Repository", "XJDD.Repository\XJDD.Repository.csproj", "{1F767F15-7CF1-4188-9CFF-BCB721C2FA07}"
EndProject
Project("{FAE04EC0-301F-11D3-BF4B-00C04F79EFBC}") = "XJDD.Service", "XJDD.Service\XJDD.Service.csproj", "{0C927DA0-3DD8-45F8-9DBB-9E73226452F6}"
EndProject
Global
	GlobalSection(SolutionConfigurationPlatforms) = preSolution
		Debug|Any CPU = Debug|Any CPU
		Release|Any CPU = Release|Any CPU
	EndGlobalSection
	GlobalSection(ProjectConfigurationPlatforms) = postSolution
		{E6583098-61C8-4828-9B64-C632796036CC}.Debug|Any CPU.ActiveCfg = Debug|Any CPU
		{E6583098-61C8-4828-9B64-C632796036CC}.Debug|Any CPU.Build.0 = Debug|Any CPU
		{E6583098-61C8-4828-9B64-C632796036CC}.Release|Any CPU.ActiveCfg = Release|Any CPU
		{E6583098-61C8-4828-9B64-C632796036CC}.Release|Any CPU.Build.0 = Release|Any CPU
		{5C87B48D-2B1D-434C-B8EB-81C6DDE5BB1D}.Debug|Any CPU.ActiveCfg = Debug|Any CPU
		{5C87B48D-2B1D-434C-B8EB-81C6DDE5BB1D}.Debug|Any CPU.Build.0 = Debug|Any CPU
		{5C87B48D-2B1D-434C-B8EB-81C6DDE5BB1D}.Release|Any CPU.ActiveCfg = Release|Any CPU
		{5C87B48D-2B1D-434C-B8EB-81C6DDE5BB1D}.Release|Any CPU.Build.0 = Release|Any CPU
		{1F4C08D3-EC83-4167-B8DB-20A4DE2CB3E6}.Debug|Any CPU.ActiveCfg = Debug|Any CPU
		{1F4C08D3-EC83-4167-B8DB-20A4DE2CB3E6}.Debug|Any CPU.Build.0 = Debug|Any CPU
		{1F4C08D3-EC83-4167-B8DB-20A4DE2CB3E6}.Release|Any CPU.ActiveCfg = Release|Any CPU
		{1F4C08D3-EC83-4167-B8DB-20A4DE2CB3E6}.Release|Any CPU.Build.0 = Release|Any CPU
		{1F767F15-7CF1-4188-9CFF-BCB721C2FA07}.Debug|Any CPU.ActiveCfg = Debug|Any CPU
		{1F767F15-7CF1-4188-9CFF-BCB721C2FA07}.Debug|Any CPU.Build.0 = Debug|Any CPU
		{1F767F15-7CF1-4188-9CFF-BCB721C2FA07}.Release|Any CPU.ActiveCfg = Release|Any CPU
		{1F767F15-7CF1-4188-9CFF-BCB721C2FA07}.Release|Any CPU.Build.0 = Release|Any CPU
		{0C927DA0-3DD8-45F8-9DBB-9E73226452F6}.Debug|Any CPU.ActiveCfg = Debug|Any CPU
		{0C927DA0-3DD8-45F8-9DBB-9E73226452F6}.Debug|Any CPU.Build.0 = Debug|Any CPU
		{0C927DA0-3DD8-45F8-9DBB-9E73226452F6}.Release|Any CPU.ActiveCfg = Release|Any CPU
		{0C927DA0-3DD8-45F8-9DBB-9E73226452F6}.Release|Any CPU.Build.0 = Release|Any CPU
	EndGlobalSection
EndGlobal
